{
  "originHash" : "f5f4e17ad0c84870be845a73522f5a1b233c29e7519e3256adff048126140627",
  "pins" : [
    {
      "identity" : "drawerpresentation",
      "kind" : "remoteSourceControl",
      "location" : "https://github.com/noppefoxwolf/DrawerPresentation",
      "state" : {
        "revision" : "58c3bd2fe085299b8ad980b3c264a39e78d8f2a9",
        "version" : "0.0.12"
      }
    }
  ],
  "version" : 3
}
