// !$*UTF8*$!
{
	archiveVersion = 1;
	classes = {
	};
	objectVersion = 56;
	objects = {

/* Begin PBXBuildFile section */
		3B45B8E62C04DFAF00701649 /* UserBookmarksPageViewController.swift in Sources */ = {isa = PBXBuildFile; fileRef = 3B45B8E52C04DFAF00701649 /* UserBookmarksPageViewController.swift */; };
		3B68A4BB2C0ADD89009D0350 /* NotificationsMentionsTabView.swift in Sources */ = {isa = PBXBuildFile; fileRef = 3B68A4BA2C0ADD89009D0350 /* NotificationsMentionsTabView.swift */; };
		3BCFFC882C08B3D000C4AE50 /* UserFollowerRequestsPageViewController.swift in Sources */ = {isa = PBXBuildFile; fileRef = 3BCFFC872C08B3D000C4AE50 /* UserFollowerRequestsPageViewController.swift */; };
		6540F8812BB44D430029BA46 /* AppDelegate.swift in Sources */ = {isa = PBXBuildFile; fileRef = 6540F8802BB44D430029BA46 /* AppDelegate.swift */; };
		6540F8832BB44D430029BA46 /* SceneDelegate.swift in Sources */ = {isa = PBXBuildFile; fileRef = 6540F8822BB44D430029BA46 /* SceneDelegate.swift */; };
		6540F8852BB44D430029BA46 /* AppRootViewController.swift in Sources */ = {isa = PBXBuildFile; fileRef = 6540F8842BB44D430029BA46 /* AppRootViewController.swift */; };
		6540F88A2BB44D430029BA46 /* Assets.xcassets in Resources */ = {isa = PBXBuildFile; fileRef = 6540F8892BB44D430029BA46 /* Assets.xcassets */; };
		6540F8982BB44D440029BA46 /* Twitter_iOSTests.swift in Sources */ = {isa = PBXBuildFile; fileRef = 6540F8972BB44D440029BA46 /* Twitter_iOSTests.swift */; };
		6540F8A22BB44D440029BA46 /* Twitter_iOSUITests.swift in Sources */ = {isa = PBXBuildFile; fileRef = 6540F8A12BB44D440029BA46 /* Twitter_iOSUITests.swift */; };
		6540F8A42BB44D440029BA46 /* Twitter_iOSUITestsLaunchTests.swift in Sources */ = {isa = PBXBuildFile; fileRef = 6540F8A32BB44D440029BA46 /* Twitter_iOSUITestsLaunchTests.swift */; };
		6540F8BA2BB575FF0029BA46 /* TweetModel.swift in Sources */ = {isa = PBXBuildFile; fileRef = 6540F8B92BB575FF0029BA46 /* TweetModel.swift */; };
		6540F8BE2BB576740029BA46 /* NewPostEntrypointButtonController.swift in Sources */ = {isa = PBXBuildFile; fileRef = 6540F8BD2BB576740029BA46 /* NewPostEntrypointButtonController.swift */; };
		6540F8C02BB5768F0029BA46 /* NewPostEditViewController.swift in Sources */ = {isa = PBXBuildFile; fileRef = 6540F8BF2BB5768F0029BA46 /* NewPostEditViewController.swift */; };
		6540F8C92BB5775C0029BA46 /* HeaderTabButtonStyle.swift in Sources */ = {isa = PBXBuildFile; fileRef = 6540F8C82BB5775C0029BA46 /* HeaderTabButtonStyle.swift */; };
		6540F8CB2BB57A8B0029BA46 /* HomeViewController.swift in Sources */ = {isa = PBXBuildFile; fileRef = 6540F8CA2BB57A8B0029BA46 /* HomeViewController.swift */; };
		6540F8D42BC018B30029BA46 /* SearchHomeViewController.swift in Sources */ = {isa = PBXBuildFile; fileRef = 6540F8D32BC018B30029BA46 /* SearchHomeViewController.swift */; };
		6540F8DE2BC564A50029BA46 /* SearchTopicCellView.swift in Sources */ = {isa = PBXBuildFile; fileRef = 6540F8DD2BC564A50029BA46 /* SearchTopicCellView.swift */; };
		6540F8E02BC564CB0029BA46 /* TopicModel.swift in Sources */ = {isa = PBXBuildFile; fileRef = 6540F8DF2BC564CB0029BA46 /* TopicModel.swift */; };
		6540F8E22BC565980029BA46 /* SearchTabView.swift in Sources */ = {isa = PBXBuildFile; fileRef = 6540F8E12BC565980029BA46 /* SearchTabView.swift */; };
		6540F8E92BC972AB0029BA46 /* NotificationsViewController.swift in Sources */ = {isa = PBXBuildFile; fileRef = 6540F8E82BC972AB0029BA46 /* NotificationsViewController.swift */; };
		6540F8EE2BCA28070029BA46 /* CommunitiesHomeViewController.swift in Sources */ = {isa = PBXBuildFile; fileRef = 6540F8ED2BCA28070029BA46 /* CommunitiesHomeViewController.swift */; };
		6540F8FA2BD294DF0029BA46 /* TimelineSettingsViewController.swift in Sources */ = {isa = PBXBuildFile; fileRef = 6540F8F92BD294DF0029BA46 /* TimelineSettingsViewController.swift */; };
		6540F8FC2BD295480029BA46 /* TimelineSettingsHeaderView.swift in Sources */ = {isa = PBXBuildFile; fileRef = 6540F8FB2BD295480029BA46 /* TimelineSettingsHeaderView.swift */; };
		6540F8FE2BD29A810029BA46 /* TimelineSettingsBodyView.swift in Sources */ = {isa = PBXBuildFile; fileRef = 6540F8FD2BD29A810029BA46 /* TimelineSettingsBodyView.swift */; };
		6540F9032BD376750029BA46 /* ExploreSettingsViewController.swift in Sources */ = {isa = PBXBuildFile; fileRef = 6540F9022BD376750029BA46 /* ExploreSettingsViewController.swift */; };
		6540F9052BD376A00029BA46 /* ExploreSettingsHeaderView.swift in Sources */ = {isa = PBXBuildFile; fileRef = 6540F9042BD3769F0029BA46 /* ExploreSettingsHeaderView.swift */; };
		6540F9072BD377140029BA46 /* ExploreSettingsBodyView.swift in Sources */ = {isa = PBXBuildFile; fileRef = 6540F9062BD377140029BA46 /* ExploreSettingsBodyView.swift */; };
		6540F9092BD37EB00029BA46 /* BlockedNewCommunityCreationBottomSheetViewController.swift in Sources */ = {isa = PBXBuildFile; fileRef = 6540F9082BD37EB00029BA46 /* BlockedNewCommunityCreationBottomSheetViewController.swift */; };
		6567CBD12BD7DDC200242716 /* UserProfileViewController.swift in Sources */ = {isa = PBXBuildFile; fileRef = 6567CBD02BD7DDC200242716 /* UserProfileViewController.swift */; };
		6567CBD32BD92FA700242716 /* UserProfileIconDetailViewController.swift in Sources */ = {isa = PBXBuildFile; fileRef = 6567CBD22BD92FA700242716 /* UserProfileIconDetailViewController.swift */; };
		6567CBD52BD9356900242716 /* UserProfileIconTransition.swift in Sources */ = {isa = PBXBuildFile; fileRef = 6567CBD42BD9356900242716 /* UserProfileIconTransition.swift */; };
		656C1BA52C00C41500EEE575 /* UserFollowRelationsViewController.swift in Sources */ = {isa = PBXBuildFile; fileRef = 656C1BA42C00C41500EEE575 /* UserFollowRelationsViewController.swift */; };
		656C1BA72C00C59900EEE575 /* UserFollowRelationsTabModel.swift in Sources */ = {isa = PBXBuildFile; fileRef = 656C1BA62C00C59900EEE575 /* UserFollowRelationsTabModel.swift */; };
		656C1BAB2C020D2000EEE575 /* NotificationsTabModel.swift in Sources */ = {isa = PBXBuildFile; fileRef = 656C1BAA2C020D2000EEE575 /* NotificationsTabModel.swift */; };
		656C1BAE2C0216F600EEE575 /* NotificationsAllTabView.swift in Sources */ = {isa = PBXBuildFile; fileRef = 656C1BAD2C0216F600EEE575 /* NotificationsAllTabView.swift */; };
		656C1BB12C0218D700EEE575 /* NotificationModel.swift in Sources */ = {isa = PBXBuildFile; fileRef = 656C1BB02C0218D700EEE575 /* NotificationModel.swift */; };
		656C1BB42C05EEE600EEE575 /* SearchTabModel.swift in Sources */ = {isa = PBXBuildFile; fileRef = 656C1BB32C05EEE600EEE575 /* SearchTabModel.swift */; };
		656C1BB82C0749EA00EEE575 /* CommunityFilterModel.swift in Sources */ = {isa = PBXBuildFile; fileRef = 656C1BB72C0749EA00EEE575 /* CommunityFilterModel.swift */; };
		656C1BF82C07619700EEE575 /* UserProfileBannerView.swift in Sources */ = {isa = PBXBuildFile; fileRef = 656C1BF72C07619700EEE575 /* UserProfileBannerView.swift */; };
		656C1BFB2C089C1200EEE575 /* HomeTabModel.swift in Sources */ = {isa = PBXBuildFile; fileRef = 656C1BFA2C089C1200EEE575 /* HomeTabModel.swift */; };
		656C1BFD2C08A16C00EEE575 /* HomeTabView.swift in Sources */ = {isa = PBXBuildFile; fileRef = 656C1BFC2C08A16C00EEE575 /* HomeTabView.swift */; };
		656C1BFF2C0AE68500EEE575 /* PostShareBottomSheet.swift in Sources */ = {isa = PBXBuildFile; fileRef = 656C1BFE2C0AE68500EEE575 /* PostShareBottomSheet.swift */; };
		658D08652BE63DBB006C6A9E /* TopicDetailViewController.swift in Sources */ = {isa = PBXBuildFile; fileRef = 658D08642BE63DBB006C6A9E /* TopicDetailViewController.swift */; };
		658D086B2BE6579E006C6A9E /* CommunitiesSearchViewController.swift in Sources */ = {isa = PBXBuildFile; fileRef = 658D086A2BE6579E006C6A9E /* CommunitiesSearchViewController.swift */; };
		658D086E2BE7B682006C6A9E /* TapOnlySearchBar.swift in Sources */ = {isa = PBXBuildFile; fileRef = 658D086D2BE7B682006C6A9E /* TapOnlySearchBar.swift */; };
		658D08712BE8BACC006C6A9E /* SearchInputViewController.swift in Sources */ = {isa = PBXBuildFile; fileRef = 658D08702BE8BACC006C6A9E /* SearchInputViewController.swift */; };
		658D08742BE8C3A6006C6A9E /* UIColor+Core.swift in Sources */ = {isa = PBXBuildFile; fileRef = 658D08732BE8C3A6006C6A9E /* UIColor+Core.swift */; };
		658D087D2BEBA069006C6A9E /* SideMenuViewController.swift in Sources */ = {isa = PBXBuildFile; fileRef = 658D087C2BEBA068006C6A9E /* SideMenuViewController.swift */; };
		658D087F2BEBA774006C6A9E /* UserModel.swift in Sources */ = {isa = PBXBuildFile; fileRef = 658D087E2BEBA774006C6A9E /* UserModel.swift */; };
		658D08832BECF45F006C6A9E /* MainRootViewController.swift in Sources */ = {isa = PBXBuildFile; fileRef = 658D08822BECF45F006C6A9E /* MainRootViewController.swift */; };
		658D08862BEE5C39006C6A9E /* DispatchQueue+Once.swift in Sources */ = {isa = PBXBuildFile; fileRef = 658D08852BEE5C39006C6A9E /* DispatchQueue+Once.swift */; };
		658D088A2BEF47E4006C6A9E /* UserService.swift in Sources */ = {isa = PBXBuildFile; fileRef = 658D08892BEF47E4006C6A9E /* UserService.swift */; };
		658D088C2BF39FE7006C6A9E /* CommunitiesCollectionCell.swift in Sources */ = {isa = PBXBuildFile; fileRef = 658D088B2BF39FE7006C6A9E /* CommunitiesCollectionCell.swift */; };
		658D088E2BF3A02D006C6A9E /* CommunityModel.swift in Sources */ = {isa = PBXBuildFile; fileRef = 658D088D2BF3A02D006C6A9E /* CommunityModel.swift */; };
		658D08912BF4FD50006C6A9E /* MessagesSettingsViewController.swift in Sources */ = {isa = PBXBuildFile; fileRef = 658D08902BF4FD50006C6A9E /* MessagesSettingsViewController.swift */; };
		658D08942BF503B4006C6A9E /* CheckboxStyle.swift in Sources */ = {isa = PBXBuildFile; fileRef = 658D08932BF503B4006C6A9E /* CheckboxStyle.swift */; };
		658D08972BF62B91006C6A9E /* SettingsHomeViewController.swift in Sources */ = {isa = PBXBuildFile; fileRef = 658D08962BF62B91006C6A9E /* SettingsHomeViewController.swift */; };
		658D089A2BF63058006C6A9E /* NotificationsSettingsViewController.swift in Sources */ = {isa = PBXBuildFile; fileRef = 658D08992BF63058006C6A9E /* NotificationsSettingsViewController.swift */; };
		65C6CC202BF9625E00B0A052 /* BannerView.swift in Sources */ = {isa = PBXBuildFile; fileRef = 65C6CC1F2BF9625E00B0A052 /* BannerView.swift */; };
		65C6CC222BF9684400B0A052 /* BannerController.swift in Sources */ = {isa = PBXBuildFile; fileRef = 65C6CC212BF9684400B0A052 /* BannerController.swift */; };
		65C6CC242BF9836D00B0A052 /* NSNotification+Banner.swift in Sources */ = {isa = PBXBuildFile; fileRef = 65C6CC232BF9836D00B0A052 /* NSNotification+Banner.swift */; };
		65C6CC272BFB70E400B0A052 /* UIViewController+Settings.swift in Sources */ = {isa = PBXBuildFile; fileRef = 65C6CC262BFB70E400B0A052 /* UIViewController+Settings.swift */; };
		65C6CC292BFB78FE00B0A052 /* NotificationsTabView.swift in Sources */ = {isa = PBXBuildFile; fileRef = 65C6CC282BFB78FE00B0A052 /* NotificationsTabView.swift */; };
		65C6CC2B2BFCC30C00B0A052 /* RectKey.swift in Sources */ = {isa = PBXBuildFile; fileRef = 65C6CC2A2BFCC30C00B0A052 /* RectKey.swift */; };
		65C6CC2D2BFCC51F00B0A052 /* CGFloat+Rect.swift in Sources */ = {isa = PBXBuildFile; fileRef = 65C6CC2C2BFCC51F00B0A052 /* CGFloat+Rect.swift */; };
		65C6CCA22BFE22EA00B0A052 /* UserProfileTabModel.swift in Sources */ = {isa = PBXBuildFile; fileRef = 65C6CCA12BFE22EA00B0A052 /* UserProfileTabModel.swift */; };
		65C6CCA62BFF5C9500B0A052 /* PostCellView.swift in Sources */ = {isa = PBXBuildFile; fileRef = 65C6CCA52BFF5C9500B0A052 /* PostCellView.swift */; };
		65C6CCA82BFF60FB00B0A052 /* UserPostsTabView.swift in Sources */ = {isa = PBXBuildFile; fileRef = 65C6CCA72BFF60FB00B0A052 /* UserPostsTabView.swift */; };
		65C6CCAB2C00130600B0A052 /* MessagesViewController.swift in Sources */ = {isa = PBXBuildFile; fileRef = 65C6CCAA2C00130600B0A052 /* MessagesViewController.swift */; };
		65C6CCAD2C00134B00B0A052 /* NewMessageEditViewController.swift in Sources */ = {isa = PBXBuildFile; fileRef = 65C6CCAC2C00134B00B0A052 /* NewMessageEditViewController.swift */; };
		65C6CCAF2C00136700B0A052 /* NewMessageEntrypointButtonController.swift in Sources */ = {isa = PBXBuildFile; fileRef = 65C6CCAE2C00136700B0A052 /* NewMessageEntrypointButtonController.swift */; };
		65F9083E2BDFCE4300C6C8B3 /* PhotoLibraryPermissionController.swift in Sources */ = {isa = PBXBuildFile; fileRef = 65F9083D2BDFCE4300C6C8B3 /* PhotoLibraryPermissionController.swift */; };
		65F908422BE1130200C6C8B3 /* PostDetailViewController.swift in Sources */ = {isa = PBXBuildFile; fileRef = 65F908412BE1130200C6C8B3 /* PostDetailViewController.swift */; };
		65F908452BE119CE00C6C8B3 /* UINavigationController+UIGestureRecognizerDelegate.swift in Sources */ = {isa = PBXBuildFile; fileRef = 65F908442BE119CE00C6C8B3 /* UINavigationController+UIGestureRecognizerDelegate.swift */; };
		65F908472BE11E2F00C6C8B3 /* PermissionGuideViewController.swift in Sources */ = {isa = PBXBuildFile; fileRef = 65F908462BE11E2F00C6C8B3 /* PermissionGuideViewController.swift */; };
		65FD4F372C11E10E0020A02E /* UserFollowingTabView.swift in Sources */ = {isa = PBXBuildFile; fileRef = 65FD4F362C11E10E0020A02E /* UserFollowingTabView.swift */; };
		65FD4F3A2C141F1B0020A02E /* GIFImageView.swift in Sources */ = {isa = PBXBuildFile; fileRef = 65FD4F392C141F1B0020A02E /* GIFImageView.swift */; };
		65FD4F3C2C1445DC0020A02E /* cute_bard.gif in Resources */ = {isa = PBXBuildFile; fileRef = 65FD4F3B2C1445DC0020A02E /* cute_bard.gif */; };
		65FD4F3F2C1556EB0020A02E /* UserConnectViewController.swift in Sources */ = {isa = PBXBuildFile; fileRef = 65FD4F3E2C1556EB0020A02E /* UserConnectViewController.swift */; };
		65FD4F412C1557450020A02E /* UserConnectTabModel.swift in Sources */ = {isa = PBXBuildFile; fileRef = 65FD4F402C1557450020A02E /* UserConnectTabModel.swift */; };
		65FD4F452C155D810020A02E /* UserOverviewCell.swift in Sources */ = {isa = PBXBuildFile; fileRef = 65FD4F442C155D810020A02E /* UserOverviewCell.swift */; };
		65FD4F472C155F930020A02E /* UserConnectWhoToFollowView.swift in Sources */ = {isa = PBXBuildFile; fileRef = 65FD4F462C155F930020A02E /* UserConnectWhoToFollowView.swift */; };
		65FD4F492C15D8920020A02E /* DependencyInjection.swift in Sources */ = {isa = PBXBuildFile; fileRef = 65FD4F482C15D8920020A02E /* DependencyInjection.swift */; };
		65FD4F4C2C15E1520020A02E /* FollowService.swift in Sources */ = {isa = PBXBuildFile; fileRef = 65FD4F4B2C15E1520020A02E /* FollowService.swift */; };
		65FD4F4E2C1739F30020A02E /* ReplyEditViewController.swift in Sources */ = {isa = PBXBuildFile; fileRef = 65FD4F4D2C1739F30020A02E /* ReplyEditViewController.swift */; };
		65FD4F502C19D87B0020A02E /* KeyboardToolbarViewController.swift in Sources */ = {isa = PBXBuildFile; fileRef = 65FD4F4F2C19D87B0020A02E /* KeyboardToolbarViewController.swift */; };
/* End PBXBuildFile section */

/* Begin PBXContainerItemProxy section */
		6540F8942BB44D440029BA46 /* PBXContainerItemProxy */ = {
			isa = PBXContainerItemProxy;
			containerPortal = 6540F8752BB44D430029BA46 /* Project object */;
			proxyType = 1;
			remoteGlobalIDString = 6540F87C2BB44D430029BA46;
			remoteInfo = "Twitter-iOS";
		};
		6540F89E2BB44D440029BA46 /* PBXContainerItemProxy */ = {
			isa = PBXContainerItemProxy;
			containerPortal = 6540F8752BB44D430029BA46 /* Project object */;
			proxyType = 1;
			remoteGlobalIDString = 6540F87C2BB44D430029BA46;
			remoteInfo = "Twitter-iOS";
		};
/* End PBXContainerItemProxy section */

/* Begin PBXFileReference section */
		3B45B8E52C04DFAF00701649 /* UserBookmarksPageViewController.swift */ = {isa = PBXFileReference; lastKnownFileType = sourcecode.swift; path = UserBookmarksPageViewController.swift; sourceTree = "<group>"; };
		3B68A4BA2C0ADD89009D0350 /* NotificationsMentionsTabView.swift */ = {isa = PBXFileReference; fileEncoding = 4; lastKnownFileType = sourcecode.swift; path = NotificationsMentionsTabView.swift; sourceTree = "<group>"; };
		3BCFFC872C08B3D000C4AE50 /* UserFollowerRequestsPageViewController.swift */ = {isa = PBXFileReference; lastKnownFileType = sourcecode.swift; path = UserFollowerRequestsPageViewController.swift; sourceTree = "<group>"; };
		6540F87D2BB44D430029BA46 /* Twitter-iOS.app */ = {isa = PBXFileReference; explicitFileType = wrapper.application; includeInIndex = 0; path = "Twitter-iOS.app"; sourceTree = BUILT_PRODUCTS_DIR; };
		6540F8802BB44D430029BA46 /* AppDelegate.swift */ = {isa = PBXFileReference; lastKnownFileType = sourcecode.swift; path = AppDelegate.swift; sourceTree = "<group>"; };
		6540F8822BB44D430029BA46 /* SceneDelegate.swift */ = {isa = PBXFileReference; lastKnownFileType = sourcecode.swift; path = SceneDelegate.swift; sourceTree = "<group>"; };
		6540F8842BB44D430029BA46 /* AppRootViewController.swift */ = {isa = PBXFileReference; lastKnownFileType = sourcecode.swift; path = AppRootViewController.swift; sourceTree = "<group>"; };
		6540F8892BB44D430029BA46 /* Assets.xcassets */ = {isa = PBXFileReference; lastKnownFileType = folder.assetcatalog; path = Assets.xcassets; sourceTree = "<group>"; };
		6540F88E2BB44D430029BA46 /* Info.plist */ = {isa = PBXFileReference; lastKnownFileType = text.plist.xml; path = Info.plist; sourceTree = "<group>"; };
		6540F8932BB44D440029BA46 /* Twitter-iOSTests.xctest */ = {isa = PBXFileReference; explicitFileType = wrapper.cfbundle; includeInIndex = 0; path = "Twitter-iOSTests.xctest"; sourceTree = BUILT_PRODUCTS_DIR; };
		6540F8972BB44D440029BA46 /* Twitter_iOSTests.swift */ = {isa = PBXFileReference; lastKnownFileType = sourcecode.swift; path = Twitter_iOSTests.swift; sourceTree = "<group>"; };
		6540F89D2BB44D440029BA46 /* Twitter-iOSUITests.xctest */ = {isa = PBXFileReference; explicitFileType = wrapper.cfbundle; includeInIndex = 0; path = "Twitter-iOSUITests.xctest"; sourceTree = BUILT_PRODUCTS_DIR; };
		6540F8A12BB44D440029BA46 /* Twitter_iOSUITests.swift */ = {isa = PBXFileReference; lastKnownFileType = sourcecode.swift; path = Twitter_iOSUITests.swift; sourceTree = "<group>"; };
		6540F8A32BB44D440029BA46 /* Twitter_iOSUITestsLaunchTests.swift */ = {isa = PBXFileReference; lastKnownFileType = sourcecode.swift; path = Twitter_iOSUITestsLaunchTests.swift; sourceTree = "<group>"; };
		6540F8B92BB575FF0029BA46 /* TweetModel.swift */ = {isa = PBXFileReference; lastKnownFileType = sourcecode.swift; path = TweetModel.swift; sourceTree = "<group>"; };
		6540F8BD2BB576740029BA46 /* NewPostEntrypointButtonController.swift */ = {isa = PBXFileReference; lastKnownFileType = sourcecode.swift; path = NewPostEntrypointButtonController.swift; sourceTree = "<group>"; };
		6540F8BF2BB5768F0029BA46 /* NewPostEditViewController.swift */ = {isa = PBXFileReference; lastKnownFileType = sourcecode.swift; path = NewPostEditViewController.swift; sourceTree = "<group>"; };
		6540F8C82BB5775C0029BA46 /* HeaderTabButtonStyle.swift */ = {isa = PBXFileReference; lastKnownFileType = sourcecode.swift; path = HeaderTabButtonStyle.swift; sourceTree = "<group>"; };
		6540F8CA2BB57A8B0029BA46 /* HomeViewController.swift */ = {isa = PBXFileReference; lastKnownFileType = sourcecode.swift; path = HomeViewController.swift; sourceTree = "<group>"; };
		6540F8D32BC018B30029BA46 /* SearchHomeViewController.swift */ = {isa = PBXFileReference; lastKnownFileType = sourcecode.swift; path = SearchHomeViewController.swift; sourceTree = "<group>"; };
		6540F8DD2BC564A50029BA46 /* SearchTopicCellView.swift */ = {isa = PBXFileReference; lastKnownFileType = sourcecode.swift; path = SearchTopicCellView.swift; sourceTree = "<group>"; };
		6540F8DF2BC564CB0029BA46 /* TopicModel.swift */ = {isa = PBXFileReference; lastKnownFileType = sourcecode.swift; path = TopicModel.swift; sourceTree = "<group>"; };
		6540F8E12BC565980029BA46 /* SearchTabView.swift */ = {isa = PBXFileReference; lastKnownFileType = sourcecode.swift; path = SearchTabView.swift; sourceTree = "<group>"; };
		6540F8E82BC972AB0029BA46 /* NotificationsViewController.swift */ = {isa = PBXFileReference; lastKnownFileType = sourcecode.swift; path = NotificationsViewController.swift; sourceTree = "<group>"; };
		6540F8ED2BCA28070029BA46 /* CommunitiesHomeViewController.swift */ = {isa = PBXFileReference; lastKnownFileType = sourcecode.swift; path = CommunitiesHomeViewController.swift; sourceTree = "<group>"; };
		6540F8F92BD294DF0029BA46 /* TimelineSettingsViewController.swift */ = {isa = PBXFileReference; lastKnownFileType = sourcecode.swift; path = TimelineSettingsViewController.swift; sourceTree = "<group>"; };
		6540F8FB2BD295480029BA46 /* TimelineSettingsHeaderView.swift */ = {isa = PBXFileReference; lastKnownFileType = sourcecode.swift; path = TimelineSettingsHeaderView.swift; sourceTree = "<group>"; };
		6540F8FD2BD29A810029BA46 /* TimelineSettingsBodyView.swift */ = {isa = PBXFileReference; lastKnownFileType = sourcecode.swift; path = TimelineSettingsBodyView.swift; sourceTree = "<group>"; };
		6540F9022BD376750029BA46 /* ExploreSettingsViewController.swift */ = {isa = PBXFileReference; lastKnownFileType = sourcecode.swift; path = ExploreSettingsViewController.swift; sourceTree = "<group>"; };
		6540F9042BD3769F0029BA46 /* ExploreSettingsHeaderView.swift */ = {isa = PBXFileReference; lastKnownFileType = sourcecode.swift; path = ExploreSettingsHeaderView.swift; sourceTree = "<group>"; };
		6540F9062BD377140029BA46 /* ExploreSettingsBodyView.swift */ = {isa = PBXFileReference; lastKnownFileType = sourcecode.swift; path = ExploreSettingsBodyView.swift; sourceTree = "<group>"; };
		6540F9082BD37EB00029BA46 /* BlockedNewCommunityCreationBottomSheetViewController.swift */ = {isa = PBXFileReference; lastKnownFileType = sourcecode.swift; path = BlockedNewCommunityCreationBottomSheetViewController.swift; sourceTree = "<group>"; };
		6567CBD02BD7DDC200242716 /* UserProfileViewController.swift */ = {isa = PBXFileReference; lastKnownFileType = sourcecode.swift; path = UserProfileViewController.swift; sourceTree = "<group>"; };
		6567CBD22BD92FA700242716 /* UserProfileIconDetailViewController.swift */ = {isa = PBXFileReference; lastKnownFileType = sourcecode.swift; path = UserProfileIconDetailViewController.swift; sourceTree = "<group>"; };
		6567CBD42BD9356900242716 /* UserProfileIconTransition.swift */ = {isa = PBXFileReference; lastKnownFileType = sourcecode.swift; path = UserProfileIconTransition.swift; sourceTree = "<group>"; };
		656C1BA42C00C41500EEE575 /* UserFollowRelationsViewController.swift */ = {isa = PBXFileReference; lastKnownFileType = sourcecode.swift; path = UserFollowRelationsViewController.swift; sourceTree = "<group>"; };
		656C1BA62C00C59900EEE575 /* UserFollowRelationsTabModel.swift */ = {isa = PBXFileReference; lastKnownFileType = sourcecode.swift; path = UserFollowRelationsTabModel.swift; sourceTree = "<group>"; };
		656C1BAA2C020D2000EEE575 /* NotificationsTabModel.swift */ = {isa = PBXFileReference; lastKnownFileType = sourcecode.swift; path = NotificationsTabModel.swift; sourceTree = "<group>"; };
		656C1BAD2C0216F600EEE575 /* NotificationsAllTabView.swift */ = {isa = PBXFileReference; lastKnownFileType = sourcecode.swift; path = NotificationsAllTabView.swift; sourceTree = "<group>"; };
		656C1BB02C0218D700EEE575 /* NotificationModel.swift */ = {isa = PBXFileReference; lastKnownFileType = sourcecode.swift; path = NotificationModel.swift; sourceTree = "<group>"; };
		656C1BB32C05EEE600EEE575 /* SearchTabModel.swift */ = {isa = PBXFileReference; lastKnownFileType = sourcecode.swift; path = SearchTabModel.swift; sourceTree = "<group>"; };
		656C1BB72C0749EA00EEE575 /* CommunityFilterModel.swift */ = {isa = PBXFileReference; lastKnownFileType = sourcecode.swift; path = CommunityFilterModel.swift; sourceTree = "<group>"; };
		656C1BF72C07619700EEE575 /* UserProfileBannerView.swift */ = {isa = PBXFileReference; lastKnownFileType = sourcecode.swift; path = UserProfileBannerView.swift; sourceTree = "<group>"; };
		656C1BFA2C089C1200EEE575 /* HomeTabModel.swift */ = {isa = PBXFileReference; lastKnownFileType = sourcecode.swift; path = HomeTabModel.swift; sourceTree = "<group>"; };
		656C1BFC2C08A16C00EEE575 /* HomeTabView.swift */ = {isa = PBXFileReference; lastKnownFileType = sourcecode.swift; path = HomeTabView.swift; sourceTree = "<group>"; };
		656C1BFE2C0AE68500EEE575 /* PostShareBottomSheet.swift */ = {isa = PBXFileReference; lastKnownFileType = sourcecode.swift; path = PostShareBottomSheet.swift; sourceTree = "<group>"; };
		658D08642BE63DBB006C6A9E /* TopicDetailViewController.swift */ = {isa = PBXFileReference; lastKnownFileType = sourcecode.swift; path = TopicDetailViewController.swift; sourceTree = "<group>"; };
		658D086A2BE6579E006C6A9E /* CommunitiesSearchViewController.swift */ = {isa = PBXFileReference; lastKnownFileType = sourcecode.swift; path = CommunitiesSearchViewController.swift; sourceTree = "<group>"; };
		658D086D2BE7B682006C6A9E /* TapOnlySearchBar.swift */ = {isa = PBXFileReference; lastKnownFileType = sourcecode.swift; path = TapOnlySearchBar.swift; sourceTree = "<group>"; };
		658D08702BE8BACC006C6A9E /* SearchInputViewController.swift */ = {isa = PBXFileReference; lastKnownFileType = sourcecode.swift; path = SearchInputViewController.swift; sourceTree = "<group>"; };
		658D08732BE8C3A6006C6A9E /* UIColor+Core.swift */ = {isa = PBXFileReference; lastKnownFileType = sourcecode.swift; path = "UIColor+Core.swift"; sourceTree = "<group>"; };
		658D087C2BEBA068006C6A9E /* SideMenuViewController.swift */ = {isa = PBXFileReference; lastKnownFileType = sourcecode.swift; path = SideMenuViewController.swift; sourceTree = "<group>"; };
		658D087E2BEBA774006C6A9E /* UserModel.swift */ = {isa = PBXFileReference; lastKnownFileType = sourcecode.swift; path = UserModel.swift; sourceTree = "<group>"; };
		658D08822BECF45F006C6A9E /* MainRootViewController.swift */ = {isa = PBXFileReference; lastKnownFileType = sourcecode.swift; path = MainRootViewController.swift; sourceTree = "<group>"; };
		658D08852BEE5C39006C6A9E /* DispatchQueue+Once.swift */ = {isa = PBXFileReference; lastKnownFileType = sourcecode.swift; path = "DispatchQueue+Once.swift"; sourceTree = "<group>"; };
		658D08892BEF47E4006C6A9E /* UserService.swift */ = {isa = PBXFileReference; lastKnownFileType = sourcecode.swift; path = UserService.swift; sourceTree = "<group>"; };
		658D088B2BF39FE7006C6A9E /* CommunitiesCollectionCell.swift */ = {isa = PBXFileReference; lastKnownFileType = sourcecode.swift; path = CommunitiesCollectionCell.swift; sourceTree = "<group>"; };
		658D088D2BF3A02D006C6A9E /* CommunityModel.swift */ = {isa = PBXFileReference; lastKnownFileType = sourcecode.swift; path = CommunityModel.swift; sourceTree = "<group>"; };
		658D08902BF4FD50006C6A9E /* MessagesSettingsViewController.swift */ = {isa = PBXFileReference; lastKnownFileType = sourcecode.swift; path = MessagesSettingsViewController.swift; sourceTree = "<group>"; };
		658D08932BF503B4006C6A9E /* CheckboxStyle.swift */ = {isa = PBXFileReference; lastKnownFileType = sourcecode.swift; path = CheckboxStyle.swift; sourceTree = "<group>"; };
		658D08962BF62B91006C6A9E /* SettingsHomeViewController.swift */ = {isa = PBXFileReference; lastKnownFileType = sourcecode.swift; path = SettingsHomeViewController.swift; sourceTree = "<group>"; };
		658D08992BF63058006C6A9E /* NotificationsSettingsViewController.swift */ = {isa = PBXFileReference; lastKnownFileType = sourcecode.swift; path = NotificationsSettingsViewController.swift; sourceTree = "<group>"; };
		65C6CC1F2BF9625E00B0A052 /* BannerView.swift */ = {isa = PBXFileReference; lastKnownFileType = sourcecode.swift; path = BannerView.swift; sourceTree = "<group>"; };
		65C6CC212BF9684400B0A052 /* BannerController.swift */ = {isa = PBXFileReference; lastKnownFileType = sourcecode.swift; path = BannerController.swift; sourceTree = "<group>"; };
		65C6CC232BF9836D00B0A052 /* NSNotification+Banner.swift */ = {isa = PBXFileReference; lastKnownFileType = sourcecode.swift; path = "NSNotification+Banner.swift"; sourceTree = "<group>"; };
		65C6CC262BFB70E400B0A052 /* UIViewController+Settings.swift */ = {isa = PBXFileReference; lastKnownFileType = sourcecode.swift; path = "UIViewController+Settings.swift"; sourceTree = "<group>"; };
		65C6CC282BFB78FE00B0A052 /* NotificationsTabView.swift */ = {isa = PBXFileReference; lastKnownFileType = sourcecode.swift; path = NotificationsTabView.swift; sourceTree = "<group>"; };
		65C6CC2A2BFCC30C00B0A052 /* RectKey.swift */ = {isa = PBXFileReference; lastKnownFileType = sourcecode.swift; path = RectKey.swift; sourceTree = "<group>"; };
		65C6CC2C2BFCC51F00B0A052 /* CGFloat+Rect.swift */ = {isa = PBXFileReference; lastKnownFileType = sourcecode.swift; path = "CGFloat+Rect.swift"; sourceTree = "<group>"; };
		65C6CCA12BFE22EA00B0A052 /* UserProfileTabModel.swift */ = {isa = PBXFileReference; lastKnownFileType = sourcecode.swift; path = UserProfileTabModel.swift; sourceTree = "<group>"; };
		65C6CCA52BFF5C9500B0A052 /* PostCellView.swift */ = {isa = PBXFileReference; lastKnownFileType = sourcecode.swift; path = PostCellView.swift; sourceTree = "<group>"; };
		65C6CCA72BFF60FB00B0A052 /* UserPostsTabView.swift */ = {isa = PBXFileReference; lastKnownFileType = sourcecode.swift; path = UserPostsTabView.swift; sourceTree = "<group>"; };
		65C6CCAA2C00130600B0A052 /* MessagesViewController.swift */ = {isa = PBXFileReference; lastKnownFileType = sourcecode.swift; path = MessagesViewController.swift; sourceTree = "<group>"; };
		65C6CCAC2C00134B00B0A052 /* NewMessageEditViewController.swift */ = {isa = PBXFileReference; lastKnownFileType = sourcecode.swift; path = NewMessageEditViewController.swift; sourceTree = "<group>"; };
		65C6CCAE2C00136700B0A052 /* NewMessageEntrypointButtonController.swift */ = {isa = PBXFileReference; lastKnownFileType = sourcecode.swift; path = NewMessageEntrypointButtonController.swift; sourceTree = "<group>"; };
		65F9083D2BDFCE4300C6C8B3 /* PhotoLibraryPermissionController.swift */ = {isa = PBXFileReference; lastKnownFileType = sourcecode.swift; path = PhotoLibraryPermissionController.swift; sourceTree = "<group>"; };
		65F908412BE1130200C6C8B3 /* PostDetailViewController.swift */ = {isa = PBXFileReference; lastKnownFileType = sourcecode.swift; path = PostDetailViewController.swift; sourceTree = "<group>"; };
		65F908442BE119CE00C6C8B3 /* UINavigationController+UIGestureRecognizerDelegate.swift */ = {isa = PBXFileReference; lastKnownFileType = sourcecode.swift; path = "UINavigationController+UIGestureRecognizerDelegate.swift"; sourceTree = "<group>"; };
		65F908462BE11E2F00C6C8B3 /* PermissionGuideViewController.swift */ = {isa = PBXFileReference; lastKnownFileType = sourcecode.swift; path = PermissionGuideViewController.swift; sourceTree = "<group>"; };
		65FD4F362C11E10E0020A02E /* UserFollowingTabView.swift */ = {isa = PBXFileReference; lastKnownFileType = sourcecode.swift; path = UserFollowingTabView.swift; sourceTree = "<group>"; };
		65FD4F392C141F1B0020A02E /* GIFImageView.swift */ = {isa = PBXFileReference; lastKnownFileType = sourcecode.swift; path = GIFImageView.swift; sourceTree = "<group>"; };
		65FD4F3B2C1445DC0020A02E /* cute_bard.gif */ = {isa = PBXFileReference; lastKnownFileType = image.gif; path = cute_bard.gif; sourceTree = "<group>"; };
		65FD4F3E2C1556EB0020A02E /* UserConnectViewController.swift */ = {isa = PBXFileReference; lastKnownFileType = sourcecode.swift; path = UserConnectViewController.swift; sourceTree = "<group>"; };
		65FD4F402C1557450020A02E /* UserConnectTabModel.swift */ = {isa = PBXFileReference; lastKnownFileType = sourcecode.swift; path = UserConnectTabModel.swift; sourceTree = "<group>"; };
		65FD4F442C155D810020A02E /* UserOverviewCell.swift */ = {isa = PBXFileReference; lastKnownFileType = sourcecode.swift; path = UserOverviewCell.swift; sourceTree = "<group>"; };
		65FD4F462C155F930020A02E /* UserConnectWhoToFollowView.swift */ = {isa = PBXFileReference; lastKnownFileType = sourcecode.swift; path = UserConnectWhoToFollowView.swift; sourceTree = "<group>"; };
		65FD4F482C15D8920020A02E /* DependencyInjection.swift */ = {isa = PBXFileReference; lastKnownFileType = sourcecode.swift; path = DependencyInjection.swift; sourceTree = "<group>"; };
		65FD4F4B2C15E1520020A02E /* FollowService.swift */ = {isa = PBXFileReference; lastKnownFileType = sourcecode.swift; path = FollowService.swift; sourceTree = "<group>"; };
		65FD4F4D2C1739F30020A02E /* ReplyEditViewController.swift */ = {isa = PBXFileReference; lastKnownFileType = sourcecode.swift; path = ReplyEditViewController.swift; sourceTree = "<group>"; };
		65FD4F4F2C19D87B0020A02E /* KeyboardToolbarViewController.swift */ = {isa = PBXFileReference; lastKnownFileType = sourcecode.swift; path = KeyboardToolbarViewController.swift; sourceTree = "<group>"; };
/* End PBXFileReference section */

/* Begin PBXFrameworksBuildPhase section */
		6540F87A2BB44D430029BA46 /* Frameworks */ = {
			isa = PBXFrameworksBuildPhase;
			buildActionMask = 2147483647;
			files = (
			);
			runOnlyForDeploymentPostprocessing = 0;
		};
		6540F8902BB44D440029BA46 /* Frameworks */ = {
			isa = PBXFrameworksBuildPhase;
			buildActionMask = 2147483647;
			files = (
			);
			runOnlyForDeploymentPostprocessing = 0;
		};
		6540F89A2BB44D440029BA46 /* Frameworks */ = {
			isa = PBXFrameworksBuildPhase;
			buildActionMask = 2147483647;
			files = (
			);
			runOnlyForDeploymentPostprocessing = 0;
		};
/* End PBXFrameworksBuildPhase section */

/* Begin PBXGroup section */
		6540F8742BB44D430029BA46 = {
			isa = PBXGroup;
			children = (
				6540F87F2BB44D430029BA46 /* Twitter-iOS */,
				6540F8962BB44D440029BA46 /* Twitter-iOSTests */,
				6540F8A02BB44D440029BA46 /* Twitter-iOSUITests */,
				6540F87E2BB44D430029BA46 /* Products */,
			);
			sourceTree = "<group>";
		};
		6540F87E2BB44D430029BA46 /* Products */ = {
			isa = PBXGroup;
			children = (
				6540F87D2BB44D430029BA46 /* Twitter-iOS.app */,
				6540F8932BB44D440029BA46 /* Twitter-iOSTests.xctest */,
				6540F89D2BB44D440029BA46 /* Twitter-iOSUITests.xctest */,
			);
			name = Products;
			sourceTree = "<group>";
		};
		6540F87F2BB44D430029BA46 /* Twitter-iOS */ = {
			isa = PBXGroup;
			children = (
				65FD4F3B2C1445DC0020A02E /* cute_bard.gif */,
				6540F8892BB44D430029BA46 /* Assets.xcassets */,
				6540F88E2BB44D430029BA46 /* Info.plist */,
				6540F8802BB44D430029BA46 /* AppDelegate.swift */,
				6540F8822BB44D430029BA46 /* SceneDelegate.swift */,
				6540F8842BB44D430029BA46 /* AppRootViewController.swift */,
				658D08822BECF45F006C6A9E /* MainRootViewController.swift */,
				658D087C2BEBA068006C6A9E /* SideMenuViewController.swift */,
				6540F8B32BB575580029BA46 /* Features */,
				6540F8C32BB576C00029BA46 /* SDK */,
				658D08872BEF474F006C6A9E /* Services */,
			);
			path = "Twitter-iOS";
			sourceTree = "<group>";
		};
		6540F8962BB44D440029BA46 /* Twitter-iOSTests */ = {
			isa = PBXGroup;
			children = (
				6540F8972BB44D440029BA46 /* Twitter_iOSTests.swift */,
			);
			path = "Twitter-iOSTests";
			sourceTree = "<group>";
		};
		6540F8A02BB44D440029BA46 /* Twitter-iOSUITests */ = {
			isa = PBXGroup;
			children = (
				6540F8A12BB44D440029BA46 /* Twitter_iOSUITests.swift */,
				6540F8A32BB44D440029BA46 /* Twitter_iOSUITestsLaunchTests.swift */,
			);
			path = "Twitter-iOSUITests";
			sourceTree = "<group>";
		};
		6540F8B22BB5753B0029BA46 /* Home */ = {
			isa = PBXGroup;
			children = (
				656C1BF92C089C0100EEE575 /* Entities */,
				656C1BFC2C08A16C00EEE575 /* HomeTabView.swift */,
				6540F8CA2BB57A8B0029BA46 /* HomeViewController.swift */,
			);
			path = Home;
			sourceTree = "<group>";
		};
		6540F8B32BB575580029BA46 /* Features */ = {
			isa = PBXGroup;
			children = (
				65C6CC1E2BF9624600B0A052 /* Banner */,
				6540F8EC2BCA27F60029BA46 /* Communities */,
				6540F8B22BB5753B0029BA46 /* Home */,
				65C6CCA92C00129D00B0A052 /* Messages */,
				6540F8E72BC9728E0029BA46 /* Notifications */,
				6540F8B82BB575E80029BA46 /* Post */,
				6540F8D22BC018910029BA46 /* Search */,
				6540F8F82BD294BF0029BA46 /* Settings */,
				6567CBCF2BD7DD8E00242716 /* User */,
			);
			path = Features;
			sourceTree = "<group>";
		};
		6540F8B82BB575E80029BA46 /* Post */ = {
			isa = PBXGroup;
			children = (
				65C6CCA32BFF5C2400B0A052 /* Entities */,
				65F908482BE1273700C6C8B3 /* Permission */,
				6540F8BF2BB5768F0029BA46 /* NewPostEditViewController.swift */,
				6540F8BD2BB576740029BA46 /* NewPostEntrypointButtonController.swift */,
				65C6CCA52BFF5C9500B0A052 /* PostCellView.swift */,
				65F908412BE1130200C6C8B3 /* PostDetailViewController.swift */,
				656C1BFE2C0AE68500EEE575 /* PostShareBottomSheet.swift */,
				65FD4F4D2C1739F30020A02E /* ReplyEditViewController.swift */,
				65FD4F4F2C19D87B0020A02E /* KeyboardToolbarViewController.swift */,
			);
			path = Post;
			sourceTree = "<group>";
		};
		6540F8C32BB576C00029BA46 /* SDK */ = {
			isa = PBXGroup;
			children = (
				658D08842BEE5C12006C6A9E /* Foundation */,
				6540F8C42BB576F80029BA46 /* UI */,
			);
			path = SDK;
			sourceTree = "<group>";
		};
		6540F8C42BB576F80029BA46 /* UI */ = {
			isa = PBXGroup;
			children = (
				6540F8C52BB577020029BA46 /* ButtonStyle */,
				658D08722BE8C391006C6A9E /* Color */,
				65FD4F382C141EC90020A02E /* GIF */,
				65F908432BE119AD00C6C8B3 /* Navigation */,
				656C1BAC2C02125800EEE575 /* Rect */,
				658D08922BF5038E006C6A9E /* Toggle */,
			);
			path = UI;
			sourceTree = "<group>";
		};
		6540F8C52BB577020029BA46 /* ButtonStyle */ = {
			isa = PBXGroup;
			children = (
				6540F8C82BB5775C0029BA46 /* HeaderTabButtonStyle.swift */,
			);
			path = ButtonStyle;
			sourceTree = "<group>";
		};
		6540F8D22BC018910029BA46 /* Search */ = {
			isa = PBXGroup;
			children = (
				656C1BB22C05EE2000EEE575 /* Entities */,
				658D086F2BE8BA8D006C6A9E /* Input */,
				658D086C2BE7B5F5006C6A9E /* Shared */,
				658D08662BE63DFA006C6A9E /* Detail */,
				658D08672BE63E03006C6A9E /* Home */,
			);
			path = Search;
			sourceTree = "<group>";
		};
		6540F8E72BC9728E0029BA46 /* Notifications */ = {
			isa = PBXGroup;
			children = (
				656C1BAF2C0218C400EEE575 /* Entities */,
				656C1BAD2C0216F600EEE575 /* NotificationsAllTabView.swift */,
				3B68A4BA2C0ADD89009D0350 /* NotificationsMentionsTabView.swift */,
				65C6CC282BFB78FE00B0A052 /* NotificationsTabView.swift */,
				6540F8E82BC972AB0029BA46 /* NotificationsViewController.swift */,
			);
			path = Notifications;
			sourceTree = "<group>";
		};
		6540F8EC2BCA27F60029BA46 /* Communities */ = {
			isa = PBXGroup;
			children = (
				656C1BB52C07472B00EEE575 /* CommunitiesHome */,
				656C1BB62C0747BB00EEE575 /* CommunitiesSearch */,
				65C6CCA42BFF5C4600B0A052 /* Entities */,
			);
			path = Communities;
			sourceTree = "<group>";
		};
		6540F8F82BD294BF0029BA46 /* Settings */ = {
			isa = PBXGroup;
			children = (
				6540F9012BD3765C0029BA46 /* Explore */,
				658D08952BF62B5A006C6A9E /* Home */,
				658D088F2BF4FD1A006C6A9E /* Messages */,
				658D08982BF63039006C6A9E /* Notifications */,
				65C6CC252BFB70C300B0A052 /* Shared */,
				6540F9002BD3764B0029BA46 /* Timeline */,
			);
			path = Settings;
			sourceTree = "<group>";
		};
		6540F9002BD3764B0029BA46 /* Timeline */ = {
			isa = PBXGroup;
			children = (
				6540F8FD2BD29A810029BA46 /* TimelineSettingsBodyView.swift */,
				6540F8FB2BD295480029BA46 /* TimelineSettingsHeaderView.swift */,
				6540F8F92BD294DF0029BA46 /* TimelineSettingsViewController.swift */,
			);
			path = Timeline;
			sourceTree = "<group>";
		};
		6540F9012BD3765C0029BA46 /* Explore */ = {
			isa = PBXGroup;
			children = (
				6540F9062BD377140029BA46 /* ExploreSettingsBodyView.swift */,
				6540F9042BD3769F0029BA46 /* ExploreSettingsHeaderView.swift */,
				6540F9022BD376750029BA46 /* ExploreSettingsViewController.swift */,
			);
			path = Explore;
			sourceTree = "<group>";
		};
		6567CBCF2BD7DD8E00242716 /* User */ = {
			isa = PBXGroup;
			children = (
				65C6CCA02BFE22CF00B0A052 /* Entities */,
				65FD4F422C155A6D0020A02E /* UserConnect */,
				656C1BA32C00C3ED00EEE575 /* UserFollowRelations */,
				65FD4F432C155D600020A02E /* UserOverview */,
				656C1BA92C0209FA00EEE575 /* UserProfile */,
			);
			path = User;
			sourceTree = "<group>";
		};
		656C1BA32C00C3ED00EEE575 /* UserFollowRelations */ = {
			isa = PBXGroup;
			children = (
				656C1BA42C00C41500EEE575 /* UserFollowRelationsViewController.swift */,
				65FD4F362C11E10E0020A02E /* UserFollowingTabView.swift */,
			);
			path = UserFollowRelations;
			sourceTree = "<group>";
		};
		656C1BA92C0209FA00EEE575 /* UserProfile */ = {
			isa = PBXGroup;
			children = (
				3B45B8E52C04DFAF00701649 /* UserBookmarksPageViewController.swift */,
				3BCFFC872C08B3D000C4AE50 /* UserFollowerRequestsPageViewController.swift */,
				65C6CCA72BFF60FB00B0A052 /* UserPostsTabView.swift */,
				656C1BF72C07619700EEE575 /* UserProfileBannerView.swift */,
				6567CBD22BD92FA700242716 /* UserProfileIconDetailViewController.swift */,
				6567CBD42BD9356900242716 /* UserProfileIconTransition.swift */,
				6567CBD02BD7DDC200242716 /* UserProfileViewController.swift */,
			);
			path = UserProfile;
			sourceTree = "<group>";
		};
		656C1BAC2C02125800EEE575 /* Rect */ = {
			isa = PBXGroup;
			children = (
				65C6CC2C2BFCC51F00B0A052 /* CGFloat+Rect.swift */,
				65C6CC2A2BFCC30C00B0A052 /* RectKey.swift */,
			);
			path = Rect;
			sourceTree = "<group>";
		};
		656C1BAF2C0218C400EEE575 /* Entities */ = {
			isa = PBXGroup;
			children = (
				656C1BB02C0218D700EEE575 /* NotificationModel.swift */,
				656C1BAA2C020D2000EEE575 /* NotificationsTabModel.swift */,
			);
			path = Entities;
			sourceTree = "<group>";
		};
		656C1BB22C05EE2000EEE575 /* Entities */ = {
			isa = PBXGroup;
			children = (
				656C1BB32C05EEE600EEE575 /* SearchTabModel.swift */,
				6540F8DF2BC564CB0029BA46 /* TopicModel.swift */,
			);
			path = Entities;
			sourceTree = "<group>";
		};
		656C1BB52C07472B00EEE575 /* CommunitiesHome */ = {
			isa = PBXGroup;
			children = (
				6540F9082BD37EB00029BA46 /* BlockedNewCommunityCreationBottomSheetViewController.swift */,
				6540F8ED2BCA28070029BA46 /* CommunitiesHomeViewController.swift */,
			);
			path = CommunitiesHome;
			sourceTree = "<group>";
		};
		656C1BB62C0747BB00EEE575 /* CommunitiesSearch */ = {
			isa = PBXGroup;
			children = (
				658D088B2BF39FE7006C6A9E /* CommunitiesCollectionCell.swift */,
				658D086A2BE6579E006C6A9E /* CommunitiesSearchViewController.swift */,
			);
			path = CommunitiesSearch;
			sourceTree = "<group>";
		};
		656C1BF92C089C0100EEE575 /* Entities */ = {
			isa = PBXGroup;
			children = (
				656C1BFA2C089C1200EEE575 /* HomeTabModel.swift */,
			);
			path = Entities;
			sourceTree = "<group>";
		};
		658D08662BE63DFA006C6A9E /* Detail */ = {
			isa = PBXGroup;
			children = (
				658D08642BE63DBB006C6A9E /* TopicDetailViewController.swift */,
			);
			path = Detail;
			sourceTree = "<group>";
		};
		658D08672BE63E03006C6A9E /* Home */ = {
			isa = PBXGroup;
			children = (
				6540F8E12BC565980029BA46 /* SearchTabView.swift */,
				6540F8DD2BC564A50029BA46 /* SearchTopicCellView.swift */,
				6540F8D32BC018B30029BA46 /* SearchHomeViewController.swift */,
			);
			path = Home;
			sourceTree = "<group>";
		};
		658D086C2BE7B5F5006C6A9E /* Shared */ = {
			isa = PBXGroup;
			children = (
				658D086D2BE7B682006C6A9E /* TapOnlySearchBar.swift */,
			);
			path = Shared;
			sourceTree = "<group>";
		};
		658D086F2BE8BA8D006C6A9E /* Input */ = {
			isa = PBXGroup;
			children = (
				658D08702BE8BACC006C6A9E /* SearchInputViewController.swift */,
			);
			path = Input;
			sourceTree = "<group>";
		};
		658D08722BE8C391006C6A9E /* Color */ = {
			isa = PBXGroup;
			children = (
				658D08732BE8C3A6006C6A9E /* UIColor+Core.swift */,
			);
			path = Color;
			sourceTree = "<group>";
		};
		658D08842BEE5C12006C6A9E /* Foundation */ = {
			isa = PBXGroup;
			children = (
				658D08852BEE5C39006C6A9E /* DispatchQueue+Once.swift */,
				65FD4F482C15D8920020A02E /* DependencyInjection.swift */,
			);
			path = Foundation;
			sourceTree = "<group>";
		};
		658D08872BEF474F006C6A9E /* Services */ = {
			isa = PBXGroup;
			children = (
				65FD4F4A2C15E13F0020A02E /* Follow */,
				658D08882BEF4798006C6A9E /* User */,
			);
			path = Services;
			sourceTree = "<group>";
		};
		658D08882BEF4798006C6A9E /* User */ = {
			isa = PBXGroup;
			children = (
				658D08892BEF47E4006C6A9E /* UserService.swift */,
			);
			path = User;
			sourceTree = "<group>";
		};
		658D088F2BF4FD1A006C6A9E /* Messages */ = {
			isa = PBXGroup;
			children = (
				658D08902BF4FD50006C6A9E /* MessagesSettingsViewController.swift */,
			);
			path = Messages;
			sourceTree = "<group>";
		};
		658D08922BF5038E006C6A9E /* Toggle */ = {
			isa = PBXGroup;
			children = (
				658D08932BF503B4006C6A9E /* CheckboxStyle.swift */,
			);
			path = Toggle;
			sourceTree = "<group>";
		};
		658D08952BF62B5A006C6A9E /* Home */ = {
			isa = PBXGroup;
			children = (
				658D08962BF62B91006C6A9E /* SettingsHomeViewController.swift */,
			);
			path = Home;
			sourceTree = "<group>";
		};
		658D08982BF63039006C6A9E /* Notifications */ = {
			isa = PBXGroup;
			children = (
				658D08992BF63058006C6A9E /* NotificationsSettingsViewController.swift */,
			);
			path = Notifications;
			sourceTree = "<group>";
		};
		65C6CC1E2BF9624600B0A052 /* Banner */ = {
			isa = PBXGroup;
			children = (
				65C6CC212BF9684400B0A052 /* BannerController.swift */,
				65C6CC1F2BF9625E00B0A052 /* BannerView.swift */,
				65C6CC232BF9836D00B0A052 /* NSNotification+Banner.swift */,
			);
			path = Banner;
			sourceTree = "<group>";
		};
		65C6CC252BFB70C300B0A052 /* Shared */ = {
			isa = PBXGroup;
			children = (
				65C6CC262BFB70E400B0A052 /* UIViewController+Settings.swift */,
			);
			path = Shared;
			sourceTree = "<group>";
		};
		65C6CCA02BFE22CF00B0A052 /* Entities */ = {
			isa = PBXGroup;
			children = (
				65FD4F402C1557450020A02E /* UserConnectTabModel.swift */,
				658D087E2BEBA774006C6A9E /* UserModel.swift */,
				65C6CCA12BFE22EA00B0A052 /* UserProfileTabModel.swift */,
				656C1BA62C00C59900EEE575 /* UserFollowRelationsTabModel.swift */,
			);
			path = Entities;
			sourceTree = "<group>";
		};
		65C6CCA32BFF5C2400B0A052 /* Entities */ = {
			isa = PBXGroup;
			children = (
				6540F8B92BB575FF0029BA46 /* TweetModel.swift */,
			);
			path = Entities;
			sourceTree = "<group>";
		};
		65C6CCA42BFF5C4600B0A052 /* Entities */ = {
			isa = PBXGroup;
			children = (
				656C1BB72C0749EA00EEE575 /* CommunityFilterModel.swift */,
				658D088D2BF3A02D006C6A9E /* CommunityModel.swift */,
			);
			path = Entities;
			sourceTree = "<group>";
		};
		65C6CCA92C00129D00B0A052 /* Messages */ = {
			isa = PBXGroup;
			children = (
				65C6CCAA2C00130600B0A052 /* MessagesViewController.swift */,
				65C6CCAC2C00134B00B0A052 /* NewMessageEditViewController.swift */,
				65C6CCAE2C00136700B0A052 /* NewMessageEntrypointButtonController.swift */,
			);
			path = Messages;
			sourceTree = "<group>";
		};
		65F908432BE119AD00C6C8B3 /* Navigation */ = {
			isa = PBXGroup;
			children = (
				65F908442BE119CE00C6C8B3 /* UINavigationController+UIGestureRecognizerDelegate.swift */,
			);
			path = Navigation;
			sourceTree = "<group>";
		};
		65F908482BE1273700C6C8B3 /* Permission */ = {
			isa = PBXGroup;
			children = (
				65F908462BE11E2F00C6C8B3 /* PermissionGuideViewController.swift */,
				65F9083D2BDFCE4300C6C8B3 /* PhotoLibraryPermissionController.swift */,
			);
			path = Permission;
			sourceTree = "<group>";
		};
		65FD4F382C141EC90020A02E /* GIF */ = {
			isa = PBXGroup;
			children = (
				65FD4F392C141F1B0020A02E /* GIFImageView.swift */,
			);
			path = GIF;
			sourceTree = "<group>";
		};
		65FD4F422C155A6D0020A02E /* UserConnect */ = {
			isa = PBXGroup;
			children = (
				65FD4F3E2C1556EB0020A02E /* UserConnectViewController.swift */,
				65FD4F462C155F930020A02E /* UserConnectWhoToFollowView.swift */,
			);
			path = UserConnect;
			sourceTree = "<group>";
		};
		65FD4F432C155D600020A02E /* UserOverview */ = {
			isa = PBXGroup;
			children = (
				65FD4F442C155D810020A02E /* UserOverviewCell.swift */,
			);
			path = UserOverview;
			sourceTree = "<group>";
		};
		65FD4F4A2C15E13F0020A02E /* Follow */ = {
			isa = PBXGroup;
			children = (
				65FD4F4B2C15E1520020A02E /* FollowService.swift */,
			);
			path = Follow;
			sourceTree = "<group>";
		};
/* End PBXGroup section */

/* Begin PBXNativeTarget section */
		6540F87C2BB44D430029BA46 /* Twitter-iOS */ = {
			isa = PBXNativeTarget;
			buildConfigurationList = 6540F8A72BB44D440029BA46 /* Build configuration list for PBXNativeTarget "Twitter-iOS" */;
			buildPhases = (
				6540F8792BB44D430029BA46 /* Sources */,
				6540F87A2BB44D430029BA46 /* Frameworks */,
				6540F87B2BB44D430029BA46 /* Resources */,
			);
			buildRules = (
			);
			dependencies = (
			);
			name = "Twitter-iOS";
			productName = "Twitter-iOS";
			productReference = 6540F87D2BB44D430029BA46 /* Twitter-iOS.app */;
			productType = "com.apple.product-type.application";
		};
		6540F8922BB44D440029BA46 /* Twitter-iOSTests */ = {
			isa = PBXNativeTarget;
			buildConfigurationList = 6540F8AA2BB44D440029BA46 /* Build configuration list for PBXNativeTarget "Twitter-iOSTests" */;
			buildPhases = (
				6540F88F2BB44D440029BA46 /* Sources */,
				6540F8902BB44D440029BA46 /* Frameworks */,
				6540F8912BB44D440029BA46 /* Resources */,
			);
			buildRules = (
			);
			dependencies = (
				6540F8952BB44D440029BA46 /* PBXTargetDependency */,
			);
			name = "Twitter-iOSTests";
			productName = "Twitter-iOSTests";
			productReference = 6540F8932BB44D440029BA46 /* Twitter-iOSTests.xctest */;
			productType = "com.apple.product-type.bundle.unit-test";
		};
		6540F89C2BB44D440029BA46 /* Twitter-iOSUITests */ = {
			isa = PBXNativeTarget;
			buildConfigurationList = 6540F8AD2BB44D440029BA46 /* Build configuration list for PBXNativeTarget "Twitter-iOSUITests" */;
			buildPhases = (
				6540F8992BB44D440029BA46 /* Sources */,
				6540F89A2BB44D440029BA46 /* Frameworks */,
				6540F89B2BB44D440029BA46 /* Resources */,
			);
			buildRules = (
			);
			dependencies = (
				6540F89F2BB44D440029BA46 /* PBXTargetDependency */,
			);
			name = "Twitter-iOSUITests";
			productName = "Twitter-iOSUITests";
			productReference = 6540F89D2BB44D440029BA46 /* Twitter-iOSUITests.xctest */;
			productType = "com.apple.product-type.bundle.ui-testing";
		};
/* End PBXNativeTarget section */

/* Begin PBXProject section */
		6540F8752BB44D430029BA46 /* Project object */ = {
			isa = PBXProject;
			attributes = {
				BuildIndependentTargetsInParallel = 1;
				LastSwiftUpdateCheck = 1510;
				LastUpgradeCheck = 1510;
				TargetAttributes = {
					6540F87C2BB44D430029BA46 = {
						CreatedOnToolsVersion = 15.1;
					};
					6540F8922BB44D440029BA46 = {
						CreatedOnToolsVersion = 15.1;
						TestTargetID = 6540F87C2BB44D430029BA46;
					};
					6540F89C2BB44D440029BA46 = {
						CreatedOnToolsVersion = 15.1;
						TestTargetID = 6540F87C2BB44D430029BA46;
					};
				};
			};
			buildConfigurationList = 6540F8782BB44D430029BA46 /* Build configuration list for PBXProject "Twitter-iOS" */;
			compatibilityVersion = "Xcode 14.0";
			developmentRegion = en;
			hasScannedForEncodings = 0;
			knownRegions = (
				en,
				Base,
			);
			mainGroup = 6540F8742BB44D430029BA46;
			productRefGroup = 6540F87E2BB44D430029BA46 /* Products */;
			projectDirPath = "";
			projectRoot = "";
			targets = (
				6540F87C2BB44D430029BA46 /* Twitter-iOS */,
				6540F8922BB44D440029BA46 /* Twitter-iOSTests */,
				6540F89C2BB44D440029BA46 /* Twitter-iOSUITests */,
			);
		};
/* End PBXProject section */

/* Begin PBXResourcesBuildPhase section */
		6540F87B2BB44D430029BA46 /* Resources */ = {
			isa = PBXResourcesBuildPhase;
			buildActionMask = 2147483647;
			files = (
				65FD4F3C2C1445DC0020A02E /* cute_bard.gif in Resources */,
				6540F88A2BB44D430029BA46 /* Assets.xcassets in Resources */,
			);
			runOnlyForDeploymentPostprocessing = 0;
		};
		6540F8912BB44D440029BA46 /* Resources */ = {
			isa = PBXResourcesBuildPhase;
			buildActionMask = 2147483647;
			files = (
			);
			runOnlyForDeploymentPostprocessing = 0;
		};
		6540F89B2BB44D440029BA46 /* Resources */ = {
			isa = PBXResourcesBuildPhase;
			buildActionMask = 2147483647;
			files = (
			);
			runOnlyForDeploymentPostprocessing = 0;
		};
/* End PBXResourcesBuildPhase section */

/* Begin PBXSourcesBuildPhase section */
		6540F8792BB44D430029BA46 /* Sources */ = {
			isa = PBXSourcesBuildPhase;
			buildActionMask = 2147483647;
			files = (
				656C1BFD2C08A16C00EEE575 /* HomeTabView.swift in Sources */,
				6540F8D42BC018B30029BA46 /* SearchHomeViewController.swift in Sources */,
				65FD4F492C15D8920020A02E /* DependencyInjection.swift in Sources */,
				658D087F2BEBA774006C6A9E /* UserModel.swift in Sources */,
				6540F8852BB44D430029BA46 /* AppRootViewController.swift in Sources */,
				656C1BF82C07619700EEE575 /* UserProfileBannerView.swift in Sources */,
				65FD4F3A2C141F1B0020A02E /* GIFImageView.swift in Sources */,
				658D088E2BF3A02D006C6A9E /* CommunityModel.swift in Sources */,
				6540F9052BD376A00029BA46 /* ExploreSettingsHeaderView.swift in Sources */,
				656C1BAE2C0216F600EEE575 /* NotificationsAllTabView.swift in Sources */,
				658D08912BF4FD50006C6A9E /* MessagesSettingsViewController.swift in Sources */,
				656C1BFF2C0AE68500EEE575 /* PostShareBottomSheet.swift in Sources */,
				6540F8812BB44D430029BA46 /* AppDelegate.swift in Sources */,
				658D086E2BE7B682006C6A9E /* TapOnlySearchBar.swift in Sources */,
				658D088C2BF39FE7006C6A9E /* CommunitiesCollectionCell.swift in Sources */,
				658D08712BE8BACC006C6A9E /* SearchInputViewController.swift in Sources */,
				65FD4F452C155D810020A02E /* UserOverviewCell.swift in Sources */,
				3BCFFC882C08B3D000C4AE50 /* UserFollowerRequestsPageViewController.swift in Sources */,
				65C6CC222BF9684400B0A052 /* BannerController.swift in Sources */,
				65FD4F502C19D87B0020A02E /* KeyboardToolbarViewController.swift in Sources */,
				658D086B2BE6579E006C6A9E /* CommunitiesSearchViewController.swift in Sources */,
				65C6CCAD2C00134B00B0A052 /* NewMessageEditViewController.swift in Sources */,
				658D08942BF503B4006C6A9E /* CheckboxStyle.swift in Sources */,
				6540F8C92BB5775C0029BA46 /* HeaderTabButtonStyle.swift in Sources */,
				6540F8BA2BB575FF0029BA46 /* TweetModel.swift in Sources */,
				6540F8CB2BB57A8B0029BA46 /* HomeViewController.swift in Sources */,
				65C6CCA22BFE22EA00B0A052 /* UserProfileTabModel.swift in Sources */,
				656C1BB12C0218D700EEE575 /* NotificationModel.swift in Sources */,
				65C6CC272BFB70E400B0A052 /* UIViewController+Settings.swift in Sources */,
				65C6CC2D2BFCC51F00B0A052 /* CGFloat+Rect.swift in Sources */,
				65C6CC202BF9625E00B0A052 /* BannerView.swift in Sources */,
				6567CBD12BD7DDC200242716 /* UserProfileViewController.swift in Sources */,
				658D087D2BEBA069006C6A9E /* SideMenuViewController.swift in Sources */,
				6567CBD32BD92FA700242716 /* UserProfileIconDetailViewController.swift in Sources */,
				3B68A4BB2C0ADD89009D0350 /* NotificationsMentionsTabView.swift in Sources */,
				658D089A2BF63058006C6A9E /* NotificationsSettingsViewController.swift in Sources */,
				6540F9072BD377140029BA46 /* ExploreSettingsBodyView.swift in Sources */,
				6540F8FE2BD29A810029BA46 /* TimelineSettingsBodyView.swift in Sources */,
				656C1BB82C0749EA00EEE575 /* CommunityFilterModel.swift in Sources */,
				6540F8C02BB5768F0029BA46 /* NewPostEditViewController.swift in Sources */,
				658D08832BECF45F006C6A9E /* MainRootViewController.swift in Sources */,
				3B45B8E62C04DFAF00701649 /* UserBookmarksPageViewController.swift in Sources */,
				65FD4F4E2C1739F30020A02E /* ReplyEditViewController.swift in Sources */,
				6540F8EE2BCA28070029BA46 /* CommunitiesHomeViewController.swift in Sources */,
				6540F8BE2BB576740029BA46 /* NewPostEntrypointButtonController.swift in Sources */,
				65F908422BE1130200C6C8B3 /* PostDetailViewController.swift in Sources */,
				656C1BA72C00C59900EEE575 /* UserFollowRelationsTabModel.swift in Sources */,
				658D088A2BEF47E4006C6A9E /* UserService.swift in Sources */,
				6540F9092BD37EB00029BA46 /* BlockedNewCommunityCreationBottomSheetViewController.swift in Sources */,
				65C6CC242BF9836D00B0A052 /* NSNotification+Banner.swift in Sources */,
				656C1BA52C00C41500EEE575 /* UserFollowRelationsViewController.swift in Sources */,
				65FD4F412C1557450020A02E /* UserConnectTabModel.swift in Sources */,
				656C1BB42C05EEE600EEE575 /* SearchTabModel.swift in Sources */,
				65C6CC292BFB78FE00B0A052 /* NotificationsTabView.swift in Sources */,
				6540F9032BD376750029BA46 /* ExploreSettingsViewController.swift in Sources */,
				6540F8FC2BD295480029BA46 /* TimelineSettingsHeaderView.swift in Sources */,
				658D08742BE8C3A6006C6A9E /* UIColor+Core.swift in Sources */,
				65C6CCA82BFF60FB00B0A052 /* UserPostsTabView.swift in Sources */,
				65F908452BE119CE00C6C8B3 /* UINavigationController+UIGestureRecognizerDelegate.swift in Sources */,
				65C6CCAB2C00130600B0A052 /* MessagesViewController.swift in Sources */,
				658D08862BEE5C39006C6A9E /* DispatchQueue+Once.swift in Sources */,
				656C1BFB2C089C1200EEE575 /* HomeTabModel.swift in Sources */,
				658D08652BE63DBB006C6A9E /* TopicDetailViewController.swift in Sources */,
				65C6CCA62BFF5C9500B0A052 /* PostCellView.swift in Sources */,
				6540F8832BB44D430029BA46 /* SceneDelegate.swift in Sources */,
				6540F8E02BC564CB0029BA46 /* TopicModel.swift in Sources */,
				65F908472BE11E2F00C6C8B3 /* PermissionGuideViewController.swift in Sources */,
				65FD4F4C2C15E1520020A02E /* FollowService.swift in Sources */,
				65FD4F472C155F930020A02E /* UserConnectWhoToFollowView.swift in Sources */,
				65C6CC2B2BFCC30C00B0A052 /* RectKey.swift in Sources */,
				658D08972BF62B91006C6A9E /* SettingsHomeViewController.swift in Sources */,
				6540F8E92BC972AB0029BA46 /* NotificationsViewController.swift in Sources */,
				65FD4F3F2C1556EB0020A02E /* UserConnectViewController.swift in Sources */,
				6567CBD52BD9356900242716 /* UserProfileIconTransition.swift in Sources */,
				6540F8E22BC565980029BA46 /* SearchTabView.swift in Sources */,
				6540F8FA2BD294DF0029BA46 /* TimelineSettingsViewController.swift in Sources */,
				65C6CCAF2C00136700B0A052 /* NewMessageEntrypointButtonController.swift in Sources */,
				656C1BAB2C020D2000EEE575 /* NotificationsTabModel.swift in Sources */,
				6540F8DE2BC564A50029BA46 /* SearchTopicCellView.swift in Sources */,
				65F9083E2BDFCE4300C6C8B3 /* PhotoLibraryPermissionController.swift in Sources */,
				65FD4F372C11E10E0020A02E /* UserFollowingTabView.swift in Sources */,
			);
			runOnlyForDeploymentPostprocessing = 0;
		};
		6540F88F2BB44D440029BA46 /* Sources */ = {
			isa = PBXSourcesBuildPhase;
			buildActionMask = 2147483647;
			files = (
				6540F8982BB44D440029BA46 /* Twitter_iOSTests.swift in Sources */,
			);
			runOnlyForDeploymentPostprocessing = 0;
		};
		6540F8992BB44D440029BA46 /* Sources */ = {
			isa = PBXSourcesBuildPhase;
			buildActionMask = 2147483647;
			files = (
				6540F8A42BB44D440029BA46 /* Twitter_iOSUITestsLaunchTests.swift in Sources */,
				6540F8A22BB44D440029BA46 /* Twitter_iOSUITests.swift in Sources */,
			);
			runOnlyForDeploymentPostprocessing = 0;
		};
/* End PBXSourcesBuildPhase section */

/* Begin PBXTargetDependency section */
		6540F8952BB44D440029BA46 /* PBXTargetDependency */ = {
			isa = PBXTargetDependency;
			target = 6540F87C2BB44D430029BA46 /* Twitter-iOS */;
			targetProxy = 6540F8942BB44D440029BA46 /* PBXContainerItemProxy */;
		};
		6540F89F2BB44D440029BA46 /* PBXTargetDependency */ = {
			isa = PBXTargetDependency;
			target = 6540F87C2BB44D430029BA46 /* Twitter-iOS */;
			targetProxy = 6540F89E2BB44D440029BA46 /* PBXContainerItemProxy */;
		};
/* End PBXTargetDependency section */

/* Begin XCBuildConfiguration section */
		6540F8A52BB44D440029BA46 /* Debug */ = {
			isa = XCBuildConfiguration;
			buildSettings = {
				ALWAYS_SEARCH_USER_PATHS = NO;
				ASSETCATALOG_COMPILER_GENERATE_SWIFT_ASSET_SYMBOL_EXTENSIONS = YES;
				CLANG_ANALYZER_NONNULL = YES;
				CLANG_ANALYZER_NUMBER_OBJECT_CONVERSION = YES_AGGRESSIVE;
				CLANG_CXX_LANGUAGE_STANDARD = "gnu++20";
				CLANG_ENABLE_MODULES = YES;
				CLANG_ENABLE_OBJC_ARC = YES;
				CLANG_ENABLE_OBJC_WEAK = YES;
				CLANG_WARN_BLOCK_CAPTURE_AUTORELEASING = YES;
				CLANG_WARN_BOOL_CONVERSION = YES;
				CLANG_WARN_COMMA = YES;
				CLANG_WARN_CONSTANT_CONVERSION = YES;
				CLANG_WARN_DEPRECATED_OBJC_IMPLEMENTATIONS = YES;
				CLANG_WARN_DIRECT_OBJC_ISA_USAGE = YES_ERROR;
				CLANG_WARN_DOCUMENTATION_COMMENTS = YES;
				CLANG_WARN_EMPTY_BODY = YES;
				CLANG_WARN_ENUM_CONVERSION = YES;
				CLANG_WARN_INFINITE_RECURSION = YES;
				CLANG_WARN_INT_CONVERSION = YES;
				CLANG_WARN_NON_LITERAL_NULL_CONVERSION = YES;
				CLANG_WARN_OBJC_IMPLICIT_RETAIN_SELF = YES;
				CLANG_WARN_OBJC_LITERAL_CONVERSION = YES;
				CLANG_WARN_OBJC_ROOT_CLASS = YES_ERROR;
				CLANG_WARN_QUOTED_INCLUDE_IN_FRAMEWORK_HEADER = YES;
				CLANG_WARN_RANGE_LOOP_ANALYSIS = YES;
				CLANG_WARN_STRICT_PROTOTYPES = YES;
				CLANG_WARN_SUSPICIOUS_MOVE = YES;
				CLANG_WARN_UNGUARDED_AVAILABILITY = YES_AGGRESSIVE;
				CLANG_WARN_UNREACHABLE_CODE = YES;
				CLANG_WARN__DUPLICATE_METHOD_MATCH = YES;
				COPY_PHASE_STRIP = NO;
				DEBUG_INFORMATION_FORMAT = dwarf;
				ENABLE_STRICT_OBJC_MSGSEND = YES;
				ENABLE_TESTABILITY = YES;
				ENABLE_USER_SCRIPT_SANDBOXING = YES;
				GCC_C_LANGUAGE_STANDARD = gnu17;
				GCC_DYNAMIC_NO_PIC = NO;
				GCC_NO_COMMON_BLOCKS = YES;
				GCC_OPTIMIZATION_LEVEL = 0;
				GCC_PREPROCESSOR_DEFINITIONS = (
					"DEBUG=1",
					"$(inherited)",
				);
				GCC_WARN_64_TO_32_BIT_CONVERSION = YES;
				GCC_WARN_ABOUT_RETURN_TYPE = YES_ERROR;
				GCC_WARN_UNDECLARED_SELECTOR = YES;
				GCC_WARN_UNINITIALIZED_AUTOS = YES_AGGRESSIVE;
				GCC_WARN_UNUSED_FUNCTION = YES;
				GCC_WARN_UNUSED_VARIABLE = YES;
				IPHONEOS_DEPLOYMENT_TARGET = 17.2;
				LOCALIZATION_PREFERS_STRING_CATALOGS = YES;
				MTL_ENABLE_DEBUG_INFO = INCLUDE_SOURCE;
				MTL_FAST_MATH = YES;
				ONLY_ACTIVE_ARCH = YES;
				SDKROOT = iphoneos;
				SWIFT_ACTIVE_COMPILATION_CONDITIONS = "DEBUG $(inherited)";
				SWIFT_OPTIMIZATION_LEVEL = "-Onone";
			};
			name = Debug;
		};
		6540F8A62BB44D440029BA46 /* Release */ = {
			isa = XCBuildConfiguration;
			buildSettings = {
				ALWAYS_SEARCH_USER_PATHS = NO;
				ASSETCATALOG_COMPILER_GENERATE_SWIFT_ASSET_SYMBOL_EXTENSIONS = YES;
				CLANG_ANALYZER_NONNULL = YES;
				CLANG_ANALYZER_NUMBER_OBJECT_CONVERSION = YES_AGGRESSIVE;
				CLANG_CXX_LANGUAGE_STANDARD = "gnu++20";
				CLANG_ENABLE_MODULES = YES;
				CLANG_ENABLE_OBJC_ARC = YES;
				CLANG_ENABLE_OBJC_WEAK = YES;
				CLANG_WARN_BLOCK_CAPTURE_AUTORELEASING = YES;
				CLANG_WARN_BOOL_CONVERSION = YES;
				CLANG_WARN_COMMA = YES;
				CLANG_WARN_CONSTANT_CONVERSION = YES;
				CLANG_WARN_DEPRECATED_OBJC_IMPLEMENTATIONS = YES;
				CLANG_WARN_DIRECT_OBJC_ISA_USAGE = YES_ERROR;
				CLANG_WARN_DOCUMENTATION_COMMENTS = YES;
				CLANG_WARN_EMPTY_BODY = YES;
				CLANG_WARN_ENUM_CONVERSION = YES;
				CLANG_WARN_INFINITE_RECURSION = YES;
				CLANG_WARN_INT_CONVERSION = YES;
				CLANG_WARN_NON_LITERAL_NULL_CONVERSION = YES;
				CLANG_WARN_OBJC_IMPLICIT_RETAIN_SELF = YES;
				CLANG_WARN_OBJC_LITERAL_CONVERSION = YES;
				CLANG_WARN_OBJC_ROOT_CLASS = YES_ERROR;
				CLANG_WARN_QUOTED_INCLUDE_IN_FRAMEWORK_HEADER = YES;
				CLANG_WARN_RANGE_LOOP_ANALYSIS = YES;
				CLANG_WARN_STRICT_PROTOTYPES = YES;
				CLANG_WARN_SUSPICIOUS_MOVE = YES;
				CLANG_WARN_UNGUARDED_AVAILABILITY = YES_AGGRESSIVE;
				CLANG_WARN_UNREACHABLE_CODE = YES;
				CLANG_WARN__DUPLICATE_METHOD_MATCH = YES;
				COPY_PHASE_STRIP = NO;
				DEBUG_INFORMATION_FORMAT = "dwarf-with-dsym";
				ENABLE_NS_ASSERTIONS = NO;
				ENABLE_STRICT_OBJC_MSGSEND = YES;
				ENABLE_USER_SCRIPT_SANDBOXING = YES;
				GCC_C_LANGUAGE_STANDARD = gnu17;
				GCC_NO_COMMON_BLOCKS = YES;
				GCC_WARN_64_TO_32_BIT_CONVERSION = YES;
				GCC_WARN_ABOUT_RETURN_TYPE = YES_ERROR;
				GCC_WARN_UNDECLARED_SELECTOR = YES;
				GCC_WARN_UNINITIALIZED_AUTOS = YES_AGGRESSIVE;
				GCC_WARN_UNUSED_FUNCTION = YES;
				GCC_WARN_UNUSED_VARIABLE = YES;
				IPHONEOS_DEPLOYMENT_TARGET = 17.2;
				LOCALIZATION_PREFERS_STRING_CATALOGS = YES;
				MTL_ENABLE_DEBUG_INFO = NO;
				MTL_FAST_MATH = YES;
				SDKROOT = iphoneos;
				SWIFT_COMPILATION_MODE = wholemodule;
				VALIDATE_PRODUCT = YES;
			};
			name = Release;
		};
		6540F8A82BB44D440029BA46 /* Debug */ = {
			isa = XCBuildConfiguration;
			buildSettings = {
				ASSETCATALOG_COMPILER_APPICON_NAME = AppIcon;
				ASSETCATALOG_COMPILER_GLOBAL_ACCENT_COLOR_NAME = AccentColor;
				CODE_SIGN_STYLE = Automatic;
				CURRENT_PROJECT_VERSION = 1;
				DEVELOPMENT_TEAM = MW4Z2ZY689;
				GENERATE_INFOPLIST_FILE = YES;
				INFOPLIST_FILE = "Twitter-iOS/Info.plist";
				INFOPLIST_KEY_LSApplicationCategoryType = "public.app-category.social-networking";
				INFOPLIST_KEY_UIApplicationSupportsIndirectInputEvents = YES;
				INFOPLIST_KEY_UILaunchStoryboardName = LaunchScreen;
				INFOPLIST_KEY_UISupportedInterfaceOrientations = UIInterfaceOrientationPortrait;
				INFOPLIST_KEY_UISupportedInterfaceOrientations_iPad = "UIInterfaceOrientationPortrait UIInterfaceOrientationPortraitUpsideDown";
				LD_RUNPATH_SEARCH_PATHS = (
					"$(inherited)",
					"@executable_path/Frameworks",
				);
				MARKETING_VERSION = 1.0;
				PRODUCT_BUNDLE_IDENTIFIER = "Swift.Twitter-iOS";
				PRODUCT_NAME = "$(TARGET_NAME)";
				SWIFT_EMIT_LOC_STRINGS = YES;
				SWIFT_VERSION = 5.0;
				TARGETED_DEVICE_FAMILY = "1,2";
			};
			name = Debug;
		};
		6540F8A92BB44D440029BA46 /* Release */ = {
			isa = XCBuildConfiguration;
			buildSettings = {
				ASSETCATALOG_COMPILER_APPICON_NAME = AppIcon;
				ASSETCATALOG_COMPILER_GLOBAL_ACCENT_COLOR_NAME = AccentColor;
				CODE_SIGN_STYLE = Automatic;
				CURRENT_PROJECT_VERSION = 1;
				DEVELOPMENT_TEAM = MW4Z2ZY689;
				GENERATE_INFOPLIST_FILE = YES;
				INFOPLIST_FILE = "Twitter-iOS/Info.plist";
				INFOPLIST_KEY_LSApplicationCategoryType = "public.app-category.social-networking";
				INFOPLIST_KEY_UIApplicationSupportsIndirectInputEvents = YES;
				INFOPLIST_KEY_UILaunchStoryboardName = LaunchScreen;
				INFOPLIST_KEY_UISupportedInterfaceOrientations = UIInterfaceOrientationPortrait;
				INFOPLIST_KEY_UISupportedInterfaceOrientations_iPad = "UIInterfaceOrientationPortrait UIInterfaceOrientationPortraitUpsideDown";
				LD_RUNPATH_SEARCH_PATHS = (
					"$(inherited)",
					"@executable_path/Frameworks",
				);
				MARKETING_VERSION = 1.0;
				PRODUCT_BUNDLE_IDENTIFIER = "Swift.Twitter-iOS";
				PRODUCT_NAME = "$(TARGET_NAME)";
				SWIFT_EMIT_LOC_STRINGS = YES;
				SWIFT_VERSION = 5.0;
				TARGETED_DEVICE_FAMILY = "1,2";
			};
			name = Release;
		};
		6540F8AB2BB44D440029BA46 /* Debug */ = {
			isa = XCBuildConfiguration;
			buildSettings = {
				ALWAYS_EMBED_SWIFT_STANDARD_LIBRARIES = YES;
				BUNDLE_LOADER = "$(TEST_HOST)";
				CODE_SIGN_STYLE = Automatic;
				CURRENT_PROJECT_VERSION = 1;
				DEVELOPMENT_TEAM = MW4Z2ZY689;
				GENERATE_INFOPLIST_FILE = YES;
				IPHONEOS_DEPLOYMENT_TARGET = 17.2;
				MARKETING_VERSION = 1.0;
				PRODUCT_BUNDLE_IDENTIFIER = "Swift.Twitter-iOSTests";
				PRODUCT_NAME = "$(TARGET_NAME)";
				SWIFT_EMIT_LOC_STRINGS = NO;
				SWIFT_VERSION = 5.0;
				TARGETED_DEVICE_FAMILY = "1,2";
				TEST_HOST = "$(BUILT_PRODUCTS_DIR)/Twitter-iOS.app/$(BUNDLE_EXECUTABLE_FOLDER_PATH)/Twitter-iOS";
			};
			name = Debug;
		};
		6540F8AC2BB44D440029BA46 /* Release */ = {
			isa = XCBuildConfiguration;
			buildSettings = {
				ALWAYS_EMBED_SWIFT_STANDARD_LIBRARIES = YES;
				BUNDLE_LOADER = "$(TEST_HOST)";
				CODE_SIGN_STYLE = Automatic;
				CURRENT_PROJECT_VERSION = 1;
				DEVELOPMENT_TEAM = MW4Z2ZY689;
				GENERATE_INFOPLIST_FILE = YES;
				IPHONEOS_DEPLOYMENT_TARGET = 17.2;
				MARKETING_VERSION = 1.0;
				PRODUCT_BUNDLE_IDENTIFIER = "Swift.Twitter-iOSTests";
				PRODUCT_NAME = "$(TARGET_NAME)";
				SWIFT_EMIT_LOC_STRINGS = NO;
				SWIFT_VERSION = 5.0;
				TARGETED_DEVICE_FAMILY = "1,2";
				TEST_HOST = "$(BUILT_PRODUCTS_DIR)/Twitter-iOS.app/$(BUNDLE_EXECUTABLE_FOLDER_PATH)/Twitter-iOS";
			};
			name = Release;
		};
		6540F8AE2BB44D440029BA46 /* Debug */ = {
			isa = XCBuildConfiguration;
			buildSettings = {
				ALWAYS_EMBED_SWIFT_STANDARD_LIBRARIES = YES;
				CODE_SIGN_STYLE = Automatic;
				CURRENT_PROJECT_VERSION = 1;
				DEVELOPMENT_TEAM = MW4Z2ZY689;
				GENERATE_INFOPLIST_FILE = YES;
				MARKETING_VERSION = 1.0;
				PRODUCT_BUNDLE_IDENTIFIER = "Swift.Twitter-iOSUITests";
				PRODUCT_NAME = "$(TARGET_NAME)";
				SWIFT_EMIT_LOC_STRINGS = NO;
				SWIFT_VERSION = 5.0;
				TARGETED_DEVICE_FAMILY = "1,2";
				TEST_TARGET_NAME = "Twitter-iOS";
			};
			name = Debug;
		};
		6540F8AF2BB44D440029BA46 /* Release */ = {
			isa = XCBuildConfiguration;
			buildSettings = {
				ALWAYS_EMBED_SWIFT_STANDARD_LIBRARIES = YES;
				CODE_SIGN_STYLE = Automatic;
				CURRENT_PROJECT_VERSION = 1;
				DEVELOPMENT_TEAM = MW4Z2ZY689;
				GENERATE_INFOPLIST_FILE = YES;
				MARKETING_VERSION = 1.0;
				PRODUCT_BUNDLE_IDENTIFIER = "Swift.Twitter-iOSUITests";
				PRODUCT_NAME = "$(TARGET_NAME)";
				SWIFT_EMIT_LOC_STRINGS = NO;
				SWIFT_VERSION = 5.0;
				TARGETED_DEVICE_FAMILY = "1,2";
				TEST_TARGET_NAME = "Twitter-iOS";
			};
			name = Release;
		};
/* End XCBuildConfiguration section */

/* Begin XCConfigurationList section */
		6540F8782BB44D430029BA46 /* Build configuration list for PBXProject "Twitter-iOS" */ = {
			isa = XCConfigurationList;
			buildConfigurations = (
				6540F8A52BB44D440029BA46 /* Debug */,
				6540F8A62BB44D440029BA46 /* Release */,
			);
			defaultConfigurationIsVisible = 0;
			defaultConfigurationName = Release;
		};
		6540F8A72BB44D440029BA46 /* Build configuration list for PBXNativeTarget "Twitter-iOS" */ = {
			isa = XCConfigurationList;
			buildConfigurations = (
				6540F8A82BB44D440029BA46 /* Debug */,
				6540F8A92BB44D440029BA46 /* Release */,
			);
			defaultConfigurationIsVisible = 0;
			defaultConfigurationName = Release;
		};
		6540F8AA2BB44D440029BA46 /* Build configuration list for PBXNativeTarget "Twitter-iOSTests" */ = {
			isa = XCConfigurationList;
			buildConfigurations = (
				6540F8AB2BB44D440029BA46 /* Debug */,
				6540F8AC2BB44D440029BA46 /* Release */,
			);
			defaultConfigurationIsVisible = 0;
			defaultConfigurationName = Release;
		};
		6540F8AD2BB44D440029BA46 /* Build configuration list for PBXNativeTarget "Twitter-iOSUITests" */ = {
			isa = XCConfigurationList;
			buildConfigurations = (
				6540F8AE2BB44D440029BA46 /* Debug */,
				6540F8AF2BB44D440029BA46 /* Release */,
			);
			defaultConfigurationIsVisible = 0;
			defaultConfigurationName = Release;
		};
/* End XCConfigurationList section */
	};
	rootObject = 6540F8752BB44D430029BA46 /* Project object */;
}
